
Microsoft Visual Studio Solution File, Format Version 12.00
# Visual Studio Version 16
VisualStudioVersion = 16.0.30406.217
MinimumVisualStudioVersion = 10.0.40219.1
Project("{FAE04EC0-301F-11D3-BF4B-00C04F79EFBC}") = "XF_Mvvm.UWP", "XF_Mvvm\XF_Mvvm.UWP\XF_Mvvm.UWP.csproj", "{8F2232E4-5D37-4818-B1A6-7FE8D3B42CFB}"
EndProject
Project("{FAE04EC0-301F-11D3-BF4B-00C04F79EFBC}") = "XF_Mvvm.Android", "XF_Mvvm\XF_Mvvm.Android\XF_Mvvm.Android.csproj", "{320D2E9D-0BCC-41B2-9734-6EC5E74D92D5}"
EndProject
Project("{FAE04EC0-301F-11D3-BF4B-00C04F79EFBC}") = "XF_Mvvm.iOS", "XF_Mvvm\XF_Mvvm.iOS\XF_Mvvm.iOS.csproj", "{AA29BED8-9D47-4062-A762-DF5025091488}"
EndProject
Project("{FAE04EC0-301F-11D3-BF4B-00C04F79EFBC}") = "XF_Mvvm", "XF_Mvvm\XF_Mvvm\XF_Mvvm.csproj", "{F24C11BA-3CE8-4A99-A8C9-E22B9DF48E1A}"
EndProject
Global
	GlobalSection(SolutionConfigurationPlatforms) = preSolution
		Debug|Any CPU = Debug|Any CPU
		Debug|ARM = Debug|ARM
		Debug|iPhone = Debug|iPhone
		Debug|iPhoneSimulator = Debug|iPhoneSimulator
		Debug|x64 = Debug|x64
		Debug|x86 = Debug|x86
		Release|Any CPU = Release|Any CPU
		Release|ARM = Release|ARM
		Release|iPhone = Release|iPhone
		Release|iPhoneSimulator = Release|iPhoneSimulator
		Release|x64 = Release|x64
		Release|x86 = Release|x86
	EndGlobalSection
	GlobalSection(ProjectConfigurationPlatforms) = postSolution
		{8F2232E4-5D37-4818-B1A6-7FE8D3B42CFB}.Debug|Any CPU.ActiveCfg = Debug|x86
		{8F2232E4-5D37-4818-B1A6-7FE8D3B42CFB}.Debug|Any CPU.Build.0 = Debug|x86
		{8F2232E4-5D37-4818-B1A6-7FE8D3B42CFB}.Debug|Any CPU.Deploy.0 = Debug|x86
		{8F2232E4-5D37-4818-B1A6-7FE8D3B42CFB}.Debug|ARM.ActiveCfg = Debug|ARM
		{8F2232E4-5D37-4818-B1A6-7FE8D3B42CFB}.Debug|ARM.Build.0 = Debug|ARM
		{8F2232E4-5D37-4818-B1A6-7FE8D3B42CFB}.Debug|ARM.Deploy.0 = Debug|ARM
		{8F2232E4-5D37-4818-B1A6-7FE8D3B42CFB}.Debug|iPhone.ActiveCfg = Debug|x86
		{8F2232E4-5D37-4818-B1A6-7FE8D3B42CFB}.Debug|iPhone.Build.0 = Debug|x86
		{8F2232E4-5D37-4818-B1A6-7FE8D3B42CFB}.Debug|iPhone.Deploy.0 = Debug|x86
		{8F2232E4-5D37-4818-B1A6-7FE8D3B42CFB}.Debug|iPhoneSimulator.ActiveCfg = Debug|x86
		{8F2232E4-5D37-4818-B1A6-7FE8D3B42CFB}.Debug|iPhoneSimulator.Build.0 = Debug|x86
		{8F2232E4-5D37-4818-B1A6-7FE8D3B42CFB}.Debug|iPhoneSimulator.Deploy.0 = Debug|x86
		{8F2232E4-5D37-4818-B1A6-7FE8D3B42CFB}.Debug|x64.ActiveCfg = Debug|x64
		{8F2232E4-5D37-4818-B1A6-7FE8D3B42CFB}.Debug|x64.Build.0 = Debug|x64
		{8F2232E4-5D37-4818-B1A6-7FE8D3B42CFB}.Debug|x64.Deploy.0 = Debug|x64
		{8F2232E4-5D37-4818-B1A6-7FE8D3B42CFB}.Debug|x86.ActiveCfg = Debug|x86
		{8F2232E4-5D37-4818-B1A6-7FE8D3B42CFB}.Debug|x86.Build.0 = Debug|x86
		{8F2232E4-5D37-4818-B1A6-7FE8D3B42CFB}.Debug|x86.Deploy.0 = Debug|x86
		{8F2232E4-5D37-4818-B1A6-7FE8D3B42CFB}.Release|Any CPU.ActiveCfg = Release|x86
		{8F2232E4-5D37-4818-B1A6-7FE8D3B42CFB}.Release|Any CPU.Build.0 = Release|x86
		{8F2232E4-5D37-4818-B1A6-7FE8D3B42CFB}.Release|Any CPU.Deploy.0 = Release|x86
		{8F2232E4-5D37-4818-B1A6-7FE8D3B42CFB}.Release|ARM.ActiveCfg = Release|ARM
		{8F2232E4-5D37-4818-B1A6-7FE8D3B42CFB}.Release|ARM.Build.0 = Release|ARM
		{8F2232E4-5D37-4818-B1A6-7FE8D3B42CFB}.Release|ARM.Deploy.0 = Release|ARM
		{8F2232E4-5D37-4818-B1A6-7FE8D3B42CFB}.Release|iPhone.ActiveCfg = Release|x86
		{8F2232E4-5D37-4818-B1A6-7FE8D3B42CFB}.Release|iPhone.Build.0 = Release|x86
		{8F2232E4-5D37-4818-B1A6-7FE8D3B42CFB}.Release|iPhone.Deploy.0 = Release|x86
		{8F2232E4-5D37-4818-B1A6-7FE8D3B42CFB}.Release|iPhoneSimulator.ActiveCfg = Release|x86
		{8F2232E4-5D37-4818-B1A6-7FE8D3B42CFB}.Release|iPhoneSimulator.Build.0 = Release|x86
		{8F2232E4-5D37-4818-B1A6-7FE8D3B42CFB}.Release|iPhoneSimulator.Deploy.0 = Release|x86
		{8F2232E4-5D37-4818-B1A6-7FE8D3B42CFB}.Release|x64.ActiveCfg = Release|x64
		{8F2232E4-5D37-4818-B1A6-7FE8D3B42CFB}.Release|x64.Build.0 = Release|x64
		{8F2232E4-5D37-4818-B1A6-7FE8D3B42CFB}.Release|x64.Deploy.0 = Release|x64
		{8F2232E4-5D37-4818-B1A6-7FE8D3B42CFB}.Release|x86.ActiveCfg = Release|x86
		{8F2232E4-5D37-4818-B1A6-7FE8D3B42CFB}.Release|x86.Build.0 = Release|x86
		{8F2232E4-5D37-4818-B1A6-7FE8D3B42CFB}.Release|x86.Deploy.0 = Release|x86
		{320D2E9D-0BCC-41B2-9734-6EC5E74D92D5}.Debug|Any CPU.ActiveCfg = Debug|Any CPU
		{320D2E9D-0BCC-41B2-9734-6EC5E74D92D5}.Debug|Any CPU.Build.0 = Debug|Any CPU
		{320D2E9D-0BCC-41B2-9734-6EC5E74D92D5}.Debug|Any CPU.Deploy.0 = Debug|Any CPU
		{320D2E9D-0BCC-41B2-9734-6EC5E74D92D5}.Debug|ARM.ActiveCfg = Debug|Any CPU
		{320D2E9D-0BCC-41B2-9734-6EC5E74D92D5}.Debug|ARM.Build.0 = Debug|Any CPU
		{320D2E9D-0BCC-41B2-9734-6EC5E74D92D5}.Debug|ARM.Deploy.0 = Debug|Any CPU
		{320D2E9D-0BCC-41B2-9734-6EC5E74D92D5}.Debug|iPhone.ActiveCfg = Debug|Any CPU
		{320D2E9D-0BCC-41B2-9734-6EC5E74D92D5}.Debug|iPhone.Build.0 = Debug|Any CPU
		{320D2E9D-0BCC-41B2-9734-6EC5E74D92D5}.Debug|iPhone.Deploy.0 = Debug|Any CPU
		{320D2E9D-0BCC-41B2-9734-6EC5E74D92D5}.Debug|iPhoneSimulator.ActiveCfg = Debug|Any CPU
		{320D2E9D-0BCC-41B2-9734-6EC5E74D92D5}.Debug|iPhoneSimulator.Build.0 = Debug|Any CPU
		{320D2E9D-0BCC-41B2-9734-6EC5E74D92D5}.Debug|iPhoneSimulator.Deploy.0 = Debug|Any CPU
		{320D2E9D-0BCC-41B2-9734-6EC5E74D92D5}.Debug|x64.ActiveCfg = Debug|Any CPU
		{320D2E9D-0BCC-41B2-9734-6EC5E74D92D5}.Debug|x64.Build.0 = Debug|Any CPU
		{320D2E9D-0BCC-41B2-9734-6EC5E74D92D5}.Debug|x64.Deploy.0 = Debug|Any CPU
		{320D2E9D-0BCC-41B2-9734-6EC5E74D92D5}.Debug|x86.ActiveCfg = Debug|Any CPU
		{320D2E9D-0BCC-41B2-9734-6EC5E74D92D5}.Debug|x86.Build.0 = Debug|Any CPU
		{320D2E9D-0BCC-41B2-9734-6EC5E74D92D5}.Debug|x86.Deploy.0 = Debug|Any CPU
		{320D2E9D-0BCC-41B2-9734-6EC5E74D92D5}.Release|Any CPU.ActiveCfg = Release|Any CPU
		{320D2E9D-0BCC-41B2-9734-6EC5E74D92D5}.Release|Any CPU.Build.0 = Release|Any CPU
		{320D2E9D-0BCC-41B2-9734-6EC5E74D92D5}.Release|Any CPU.Deploy.0 = Release|Any CPU
		{320D2E9D-0BCC-41B2-9734-6EC5E74D92D5}.Release|ARM.ActiveCfg = Release|Any CPU
		{320D2E9D-0BCC-41B2-9734-6EC5E74D92D5}.Release|ARM.Build.0 = Release|Any CPU
		{320D2E9D-0BCC-41B2-9734-6EC5E74D92D5}.Release|ARM.Deploy.0 = Release|Any CPU
		{320D2E9D-0BCC-41B2-9734-6EC5E74D92D5}.Release|iPhone.ActiveCfg = Release|Any CPU
		{320D2E9D-0BCC-41B2-9734-6EC5E74D92D5}.Release|iPhone.Build.0 = Release|Any CPU
		{320D2E9D-0BCC-41B2-9734-6EC5E74D92D5}.Release|iPhone.Deploy.0 = Release|Any CPU
		{320D2E9D-0BCC-41B2-9734-6EC5E74D92D5}.Release|iPhoneSimulator.ActiveCfg = Release|Any CPU
		{320D2E9D-0BCC-41B2-9734-6EC5E74D92D5}.Release|iPhoneSimulator.Build.0 = Release|Any CPU
		{320D2E9D-0BCC-41B2-9734-6EC5E74D92D5}.Release|iPhoneSimulator.Deploy.0 = Release|Any CPU
		{320D2E9D-0BCC-41B2-9734-6EC5E74D92D5}.Release|x64.ActiveCfg = Release|Any CPU
		{320D2E9D-0BCC-41B2-9734-6EC5E74D92D5}.Release|x64.Build.0 = Release|Any CPU
		{320D2E9D-0BCC-41B2-9734-6EC5E74D92D5}.Release|x64.Deploy.0 = Release|Any CPU
		{320D2E9D-0BCC-41B2-9734-6EC5E74D92D5}.Release|x86.ActiveCfg = Release|Any CPU
		{320D2E9D-0BCC-41B2-9734-6EC5E74D92D5}.Release|x86.Build.0 = Release|Any CPU
		{320D2E9D-0BCC-41B2-9734-6EC5E74D92D5}.Release|x86.Deploy.0 = Release|Any CPU
		{AA29BED8-9D47-4062-A762-DF5025091488}.Debug|Any CPU.ActiveCfg = Debug|iPhone
		{AA29BED8-9D47-4062-A762-DF5025091488}.Debug|Any CPU.Build.0 = Debug|iPhone
		{AA29BED8-9D47-4062-A762-DF5025091488}.Debug|Any CPU.Deploy.0 = Debug|iPhone
		{AA29BED8-9D47-4062-A762-DF5025091488}.Debug|ARM.ActiveCfg = Debug|iPhone
		{AA29BED8-9D47-4062-A762-DF5025091488}.Debug|ARM.Build.0 = Debug|iPhone
		{AA29BED8-9D47-4062-A762-DF5025091488}.Debug|ARM.Deploy.0 = Debug|iPhone
		{AA29BED8-9D47-4062-A762-DF5025091488}.Debug|iPhone.ActiveCfg = Debug|iPhone
		{AA29BED8-9D47-4062-A762-DF5025091488}.Debug|iPhone.Build.0 = Debug|iPhone
		{AA29BED8-9D47-4062-A762-DF5025091488}.Debug|iPhone.Deploy.0 = Debug|iPhone
		{AA29BED8-9D47-4062-A762-DF5025091488}.Debug|iPhoneSimulator.ActiveCfg = Debug|iPhoneSimulator
		{AA29BED8-9D47-4062-A762-DF5025091488}.Debug|iPhoneSimulator.Build.0 = Debug|iPhoneSimulator
		{AA29BED8-9D47-4062-A762-DF5025091488}.Debug|iPhoneSimulator.Deploy.0 = Debug|iPhoneSimulator
		{AA29BED8-9D47-4062-A762-DF5025091488}.Debug|x64.ActiveCfg = Debug|iPhone
		{AA29BED8-9D47-4062-A762-DF5025091488}.Debug|x64.Build.0 = Debug|iPhone
		{AA29BED8-9D47-4062-A762-DF5025091488}.Debug|x64.Deploy.0 = Debug|iPhone
		{AA29BED8-9D47-4062-A762-DF5025091488}.Debug|x86.ActiveCfg = Debug|iPhone
		{AA29BED8-9D47-4062-A762-DF5025091488}.Debug|x86.Build.0 = Debug|iPhone
		{AA29BED8-9D47-4062-A762-DF5025091488}.Debug|x86.Deploy.0 = Debug|iPhone
		{AA29BED8-9D47-4062-A762-DF5025091488}.Release|Any CPU.ActiveCfg = Release|iPhone
		{AA29BED8-9D47-4062-A762-DF5025091488}.Release|Any CPU.Build.0 = Release|iPhone
		{AA29BED8-9D47-4062-A762-DF5025091488}.Release|Any CPU.Deploy.0 = Release|iPhone
		{AA29BED8-9D47-4062-A762-DF5025091488}.Release|ARM.ActiveCfg = Release|iPhone
		{AA29BED8-9D47-4062-A762-DF5025091488}.Release|ARM.Build.0 = Release|iPhone
		{AA29BED8-9D47-4062-A762-DF5025091488}.Release|ARM.Deploy.0 = Release|iPhone
		{AA29BED8-9D47-4062-A762-DF5025091488}.Release|iPhone.ActiveCfg = Release|iPhone
		{AA29BED8-9D47-4062-A762-DF5025091488}.Release|iPhone.Build.0 = Release|iPhone
		{AA29BED8-9D47-4062-A762-DF5025091488}.Release|iPhone.Deploy.0 = Release|iPhone
		{AA29BED8-9D47-4062-A762-DF5025091488}.Release|iPhoneSimulator.ActiveCfg = Release|iPhoneSimulator
		{AA29BED8-9D47-4062-A762-DF5025091488}.Release|iPhoneSimulator.Build.0 = Release|iPhoneSimulator
		{AA29BED8-9D47-4062-A762-DF5025091488}.Release|iPhoneSimulator.Deploy.0 = Release|iPhoneSimulator
		{AA29BED8-9D47-4062-A762-DF5025091488}.Release|x64.ActiveCfg = Release|iPhone
		{AA29BED8-9D47-4062-A762-DF5025091488}.Release|x64.Build.0 = Release|iPhone
		{AA29BED8-9D47-4062-A762-DF5025091488}.Release|x64.Deploy.0 = Release|iPhone
		{AA29BED8-9D47-4062-A762-DF5025091488}.Release|x86.ActiveCfg = Release|iPhone
		{AA29BED8-9D47-4062-A762-DF5025091488}.Release|x86.Build.0 = Release|iPhone
		{AA29BED8-9D47-4062-A762-DF5025091488}.Release|x86.Deploy.0 = Release|iPhone
		{F24C11BA-3CE8-4A99-A8C9-E22B9DF48E1A}.Debug|Any CPU.ActiveCfg = Debug|Any CPU
		{F24C11BA-3CE8-4A99-A8C9-E22B9DF48E1A}.Debug|Any CPU.Build.0 = Debug|Any CPU
		{F24C11BA-3CE8-4A99-A8C9-E22B9DF48E1A}.Debug|Any CPU.Deploy.0 = Debug|Any CPU
		{F24C11BA-3CE8-4A99-A8C9-E22B9DF48E1A}.Debug|ARM.ActiveCfg = Debug|Any CPU
		{F24C11BA-3CE8-4A99-A8C9-E22B9DF48E1A}.Debug|ARM.Build.0 = Debug|Any CPU
		{F24C11BA-3CE8-4A99-A8C9-E22B9DF48E1A}.Debug|ARM.Deploy.0 = Debug|Any CPU
		{F24C11BA-3CE8-4A99-A8C9-E22B9DF48E1A}.Debug|iPhone.ActiveCfg = Debug|Any CPU
		{F24C11BA-3CE8-4A99-A8C9-E22B9DF48E1A}.Debug|iPhone.Build.0 = Debug|Any CPU
		{F24C11BA-3CE8-4A99-A8C9-E22B9DF48E1A}.Debug|iPhone.Deploy.0 = Debug|Any CPU
		{F24C11BA-3CE8-4A99-A8C9-E22B9DF48E1A}.Debug|iPhoneSimulator.ActiveCfg = Debug|Any CPU
		{F24C11BA-3CE8-4A99-A8C9-E22B9DF48E1A}.Debug|iPhoneSimulator.Build.0 = Debug|Any CPU
		{F24C11BA-3CE8-4A99-A8C9-E22B9DF48E1A}.Debug|iPhoneSimulator.Deploy.0 = Debug|Any CPU
		{F24C11BA-3CE8-4A99-A8C9-E22B9DF48E1A}.Debug|x64.ActiveCfg = Debug|Any CPU
		{F24C11BA-3CE8-4A99-A8C9-E22B9DF48E1A}.Debug|x64.Build.0 = Debug|Any CPU
		{F24C11BA-3CE8-4A99-A8C9-E22B9DF48E1A}.Debug|x64.Deploy.0 = Debug|Any CPU
		{F24C11BA-3CE8-4A99-A8C9-E22B9DF48E1A}.Debug|x86.ActiveCfg = Debug|Any CPU
		{F24C11BA-3CE8-4A99-A8C9-E22B9DF48E1A}.Debug|x86.Build.0 = Debug|Any CPU
		{F24C11BA-3CE8-4A99-A8C9-E22B9DF48E1A}.Debug|x86.Deploy.0 = Debug|Any CPU
		{F24C11BA-3CE8-4A99-A8C9-E22B9DF48E1A}.Release|Any CPU.ActiveCfg = Release|Any CPU
		{F24C11BA-3CE8-4A99-A8C9-E22B9DF48E1A}.Release|Any CPU.Build.0 = Release|Any CPU
		{F24C11BA-3CE8-4A99-A8C9-E22B9DF48E1A}.Release|Any CPU.Deploy.0 = Release|Any CPU
		{F24C11BA-3CE8-4A99-A8C9-E22B9DF48E1A}.Release|ARM.ActiveCfg = Release|Any CPU
		{F24C11BA-3CE8-4A99-A8C9-E22B9DF48E1A}.Release|ARM.Build.0 = Release|Any CPU
		{F24C11BA-3CE8-4A99-A8C9-E22B9DF48E1A}.Release|ARM.Deploy.0 = Release|Any CPU
		{F24C11BA-3CE8-4A99-A8C9-E22B9DF48E1A}.Release|iPhone.ActiveCfg = Release|Any CPU
		{F24C11BA-3CE8-4A99-A8C9-E22B9DF48E1A}.Release|iPhone.Build.0 = Release|Any CPU
		{F24C11BA-3CE8-4A99-A8C9-E22B9DF48E1A}.Release|iPhone.Deploy.0 = Release|Any CPU
		{F24C11BA-3CE8-4A99-A8C9-E22B9DF48E1A}.Release|iPhoneSimulator.ActiveCfg = Release|Any CPU
		{F24C11BA-3CE8-4A99-A8C9-E22B9DF48E1A}.Release|iPhoneSimulator.Build.0 = Release|Any CPU
		{F24C11BA-3CE8-4A99-A8C9-E22B9DF48E1A}.Release|iPhoneSimulator.Deploy.0 = Release|Any CPU
		{F24C11BA-3CE8-4A99-A8C9-E22B9DF48E1A}.Release|x64.ActiveCfg = Release|Any CPU
		{F24C11BA-3CE8-4A99-A8C9-E22B9DF48E1A}.Release|x64.Build.0 = Release|Any CPU
		{F24C11BA-3CE8-4A99-A8C9-E22B9DF48E1A}.Release|x64.Deploy.0 = Release|Any CPU
		{F24C11BA-3CE8-4A99-A8C9-E22B9DF48E1A}.Release|x86.ActiveCfg = Release|Any CPU
		{F24C11BA-3CE8-4A99-A8C9-E22B9DF48E1A}.Release|x86.Build.0 = Release|Any CPU
		{F24C11BA-3CE8-4A99-A8C9-E22B9DF48E1A}.Release|x86.Deploy.0 = Release|Any CPU
	EndGlobalSection
	GlobalSection(SolutionProperties) = preSolution
		HideSolutionNode = FALSE
	EndGlobalSection
	GlobalSection(ExtensibilityGlobals) = postSolution
		SolutionGuid = {70AE1B3A-AB3E-41DC-8A1D-54740ECA030A}
	EndGlobalSection
EndGlobal
